# This file is automatically @generated by Cargo.
# It is not intended for manual editing.
version = 4

[[package]]
name = "exp_1_ex_1"
version = "0.1.0"

[[package]]
name = "exp_1_ex_2"
version = "0.1.0"

[[package]]
name = "exp_1_ex_3"
version = "0.1.0"

[[package]]
name = "exp_2_linked_list_ex_2"
version = "0.1.0"

[[package]]
name = "exp_2_linked_list_ex_3"
version = "0.1.0"

[[package]]
name = "exp_2_linked_list_ex_4"
version = "0.1.0"

[[package]]
name = "exp_2_linked_list_ex_5"
version = "0.1.0"

[[package]]
name = "exp_2_sequential_list_ex_1"
version = "0.1.0"

[[package]]
name = "exp_2_sequential_list_ex_2"
version = "0.1.0"

[[package]]
name = "exp_2_sequential_list_ex_3"
version = "0.1.0"

[[package]]
name = "exp_3_queues_ex_1"
version = "0.1.0"

[[package]]
name = "exp_3_queues_ex_2"
version = "0.1.0"

[[package]]
name = "exp_3_queues_ex_3"
version = "0.1.0"

[[package]]
name = "exp_3_stacks_ex_1"
version = "0.1.0"

[[package]]
name = "exp_3_stacks_ex_2"
version = "0.1.0"

[[package]]
name = "exp_3_stacks_ex_3"
version = "0.1.0"

[[package]]
name = "exp_3_stacks_ex_4"
version = "0.1.0"

[[package]]
name = "exp_3_stacks_ex_5"
version = "0.1.0"

[[package]]
name = "exp_4_arrays_ex_1"
version = "0.1.0"

[[package]]
name = "exp_4_arrays_ex_2"
version = "0.1.0"

[[package]]
name = "exp_4_arrays_ex_3"
version = "0.1.0"

[[package]]
name = "exp_4_strings_ex_1"
version = "0.1.0"

[[package]]
name = "exp_4_strings_ex_2"
version = "0.1.0"

[[package]]
name = "exp_4_strings_ex_3"
version = "0.1.0"

[[package]]
name = "exp_4_strings_ex_4"
version = "0.1.0"

[[package]]
name = "exp_4_strings_ex_5"
version = "0.1.0"

[[package]]
name = "exp_5_ex_1"
version = "0.1.0"

[[package]]
name = "exp_5_ex_2"
version = "0.1.0"

[[package]]
name = "exp_5_ex_3"
version = "0.1.0"

[[package]]
name = "exp_5_ex_4"
version = "0.1.0"

[[package]]
name = "exp_6_ex_1"
version = "0.1.0"

[[package]]
name = "exp_6_ex_2"
version = "0.1.0"

[[package]]
name = "exp_6_ex_3"
version = "0.1.0"
dependencies = [
 "exp_6_ex_1",
]

[[package]]
name = "exp_6_ex_4"
version = "0.1.0"
dependencies = [
 "exp_6_ex_2",
]

[[package]]
name = "exp_6_ex_5"
version = "0.1.0"
dependencies = [
 "exp_6_ex_1",
]

[[package]]
name = "exp_6_ex_6"
version = "0.1.0"
dependencies = [
 "exp_6_ex_2",
]

[[package]]
name = "exp_6_ex_7"
version = "0.1.0"
dependencies = [
 "exp_6_ex_1",
]

[[package]]
name = "exp_6_ex_8"
version = "0.1.0"
dependencies = [
 "exp_6_ex_2",
]

[[package]]
name = "exp_7_ex_1"
version = "0.1.0"

[[package]]
name = "exp_7_ex_2"
version = "0.1.0"

[[package]]
name = "exp_7_ex_3"
version = "0.1.0"

[[package]]
name = "exp_7_ex_4"
version = "0.1.0"

[[package]]
name = "exp_7_ex_5"
version = "0.1.0"
