# This file is automatically @generated by Cargo.
# It is not intended for manual editing.
version = 4

[[package]]
name = "array_ex_1"
version = "0.1.0"

[[package]]
name = "array_ex_2"
version = "0.1.0"

[[package]]
name = "array_ex_3"
version = "0.1.0"

[[package]]
name = "exp1_ex_1"
version = "0.1.0"

[[package]]
name = "exp1_ex_2"
version = "0.1.0"

[[package]]
name = "exp1_ex_3"
version = "0.1.0"

[[package]]
name = "exp3_ex_1"
version = "0.1.0"

[[package]]
name = "exp3_ex_2"
version = "0.1.0"

[[package]]
name = "exp3_ex_3"
version = "0.1.0"

[[package]]
name = "exp3_ex_4"
version = "0.1.0"

[[package]]
name = "link_ex_2"
version = "0.1.0"

[[package]]
name = "link_ex_3"
version = "0.1.0"

[[package]]
name = "link_ex_4"
version = "0.1.0"

[[package]]
name = "link_ex_5"
version = "0.1.0"

[[package]]
name = "queue_ex_1"
version = "0.1.0"

[[package]]
name = "queue_ex_2"
version = "0.1.0"

[[package]]
name = "queue_ex_3"
version = "0.1.0"

[[package]]
name = "seq_ex_1"
version = "0.1.0"

[[package]]
name = "seq_ex_2"
version = "0.1.0"

[[package]]
name = "seq_ex_3"
version = "0.1.0"

[[package]]
name = "stack_ex_1"
version = "0.1.0"

[[package]]
name = "stack_ex_2"
version = "0.1.0"

[[package]]
name = "stack_ex_3"
version = "0.1.0"

[[package]]
name = "stack_ex_4"
version = "0.1.0"

[[package]]
name = "stack_ex_5"
version = "0.1.0"

[[package]]
name = "string_ex_1"
version = "0.1.0"

[[package]]
name = "string_ex_2"
version = "0.1.0"

[[package]]
name = "string_ex_3"
version = "0.1.0"

[[package]]
name = "string_ex_4"
version = "0.1.0"

[[package]]
name = "string_ex_5"
version = "0.1.0"
